
Microsoft Visual Studio Solution File, Format Version 12.00
# Visual Studio Version 17
VisualStudioVersion = 17.4.33403.182
MinimumVisualStudioVersion = 10.0.40219.1
Project("{FAE04EC0-301F-11D3-BF4B-00C04F79EFBC}") = "WeatherAPI.Tests", "WeatherAPI.Tests\WeatherAPI.Tests.csproj", "{9B586A7D-6E20-410B-A4D8-D8FAB136FB07}"
EndProject
Project("{FAE04EC0-301F-11D3-BF4B-00C04F79EFBC}") = "WeatherAPI", "WeatherAPI\WeatherAPI.csproj", "{3EB633A0-74E3-48C9-9206-09F22ABCAADC}"
EndProject
Global
	GlobalSection(SolutionConfigurationPlatforms) = preSolution
		Debug|Any CPU = Debug|Any CPU
		Release|Any CPU = Release|Any CPU
	EndGlobalSection
	GlobalSection(ProjectConfigurationPlatforms) = postSolution
		{9B586A7D-6E20-410B-A4D8-D8FAB136FB07}.Debug|Any CPU.ActiveCfg = Debug|Any CPU
		{9B586A7D-6E20-410B-A4D8-D8FAB136FB07}.Debug|Any CPU.Build.0 = Debug|Any CPU
		{9B586A7D-6E20-410B-A4D8-D8FAB136FB07}.Release|Any CPU.ActiveCfg = Release|Any CPU
		{9B586A7D-6E20-410B-A4D8-D8FAB136FB07}.Release|Any CPU.Build.0 = Release|Any CPU
		{3EB633A0-74E3-48C9-9206-09F22ABCAADC}.Debug|Any CPU.ActiveCfg = Debug|Any CPU
		{3EB633A0-74E3-48C9-9206-09F22ABCAADC}.Debug|Any CPU.Build.0 = Debug|Any CPU
		{3EB633A0-74E3-48C9-9206-09F22ABCAADC}.Release|Any CPU.ActiveCfg = Release|Any CPU
		{3EB633A0-74E3-48C9-9206-09F22ABCAADC}.Release|Any CPU.Build.0 = Release|Any CPU
	EndGlobalSection
	GlobalSection(SolutionProperties) = preSolution
		HideSolutionNode = FALSE
	EndGlobalSection
	GlobalSection(ExtensibilityGlobals) = postSolution
		SolutionGuid = {DF98BD58-A7E0-43D0-9DEE-962DADBC4722}
	EndGlobalSection
EndGlobal
